
Microsoft Visual Studio Solution File, Format Version 12.00
Project("{FAE04EC0-301F-11D3-BF4B-00C04F79EFBC}") = "Server", "Server\Server.csproj", "{9B7CF081-025B-42B8-94EA-A23CA2194036}"
EndProject
Project("{FAE04EC0-301F-11D3-BF4B-00C04F79EFBC}") = "Client", "Client\Client.csproj", "{181679DF-FB23-4A52-AA27-5C27A1A5FF87}"
EndProject
Global
	GlobalSection(SolutionConfigurationPlatforms) = preSolution
		Debug|Any CPU = Debug|Any CPU
		Release|Any CPU = Release|Any CPU
	EndGlobalSection
	GlobalSection(ProjectConfigurationPlatforms) = postSolution
		{9B7CF081-025B-42B8-94EA-A23CA2194036}.Debug|Any CPU.ActiveCfg = Debug|Any CPU
		{9B7CF081-025B-42B8-94EA-A23CA2194036}.Debug|Any CPU.Build.0 = Debug|Any CPU
		{9B7CF081-025B-42B8-94EA-A23CA2194036}.Release|Any CPU.ActiveCfg = Release|Any CPU
		{9B7CF081-025B-42B8-94EA-A23CA2194036}.Release|Any CPU.Build.0 = Release|Any CPU
		{181679DF-FB23-4A52-AA27-5C27A1A5FF87}.Debug|Any CPU.ActiveCfg = Debug|Any CPU
		{181679DF-FB23-4A52-AA27-5C27A1A5FF87}.Debug|Any CPU.Build.0 = Debug|Any CPU
		{181679DF-FB23-4A52-AA27-5C27A1A5FF87}.Release|Any CPU.ActiveCfg = Release|Any CPU
		{181679DF-FB23-4A52-AA27-5C27A1A5FF87}.Release|Any CPU.Build.0 = Release|Any CPU
	EndGlobalSection
EndGlobal
